
Microsoft Visual Studio Solution File, Format Version 12.00
# Visual Studio Version 16
VisualStudioVersion = 16.0.31613.86
MinimumVisualStudioVersion = 10.0.40219.1
Project("{FAE04EC0-301F-11D3-BF4B-00C04F79EFBC}") = "Cosmodb.Extension.Core", "src\Cosmodb.Extension.Core\Cosmodb.Extension.Core.csproj", "{2BE2D789-F0FB-49D8-A4D9-143CC7D3D54E}"
EndProject
Global
	GlobalSection(SolutionConfigurationPlatforms) = preSolution
		Debug|Any CPU = Debug|Any CPU
		Release|Any CPU = Release|Any CPU
	EndGlobalSection
	GlobalSection(ProjectConfigurationPlatforms) = postSolution
		{2BE2D789-F0FB-49D8-A4D9-143CC7D3D54E}.Debug|Any CPU.ActiveCfg = Debug|Any CPU
		{2BE2D789-F0FB-49D8-A4D9-143CC7D3D54E}.Debug|Any CPU.Build.0 = Debug|Any CPU
		{2BE2D789-F0FB-49D8-A4D9-143CC7D3D54E}.Release|Any CPU.ActiveCfg = Release|Any CPU
		{2BE2D789-F0FB-49D8-A4D9-143CC7D3D54E}.Release|Any CPU.Build.0 = Release|Any CPU
	EndGlobalSection
	GlobalSection(SolutionProperties) = preSolution
		HideSolutionNode = FALSE
	EndGlobalSection
	GlobalSection(ExtensibilityGlobals) = postSolution
		SolutionGuid = {76ADCB1C-D51B-40B6-8C0B-FB33A1A06B03}
	EndGlobalSection
EndGlobal
